// !$*UTF8*$!
{
	archiveVersion = 1;
	classes = {
	};
	objectVersion = 50;
	objects = {

/* Begin PBXBuildFile section */
		3A5A6C3025AED52200B38DA0 /* AppDelegate.swift in Sources */ = {isa = PBXBuildFile; fileRef = 3A5A6C2F25AED52200B38DA0 /* AppDelegate.swift */; };
		3A5A6C3225AED52200B38DA0 /* SceneDelegate.swift in Sources */ = {isa = PBXBuildFile; fileRef = 3A5A6C3125AED52200B38DA0 /* SceneDelegate.swift */; };
		3A5A6C3425AED52200B38DA0 /* ViewController.swift in Sources */ = {isa = PBXBuildFile; fileRef = 3A5A6C3325AED52200B38DA0 /* ViewController.swift */; };
		3A5A6C3725AED52200B38DA0 /* Main.storyboard in Resources */ = {isa = PBXBuildFile; fileRef = 3A5A6C3525AED52200B38DA0 /* Main.storyboard */; };
		3A5A6C3925AED52600B38DA0 /* Assets.xcassets in Resources */ = {isa = PBXBuildFile; fileRef = 3A5A6C3825AED52600B38DA0 /* Assets.xcassets */; };
		3A5A6C3C25AED52600B38DA0 /* LaunchScreen.storyboard in Resources */ = {isa = PBXBuildFile; fileRef = 3A5A6C3A25AED52600B38DA0 /* LaunchScreen.storyboard */; };
		3A5A6C4625AED6FA00B38DA0 /* Page2ViewController.swift in Sources */ = {isa = PBXBuildFile; fileRef = 3A5A6C4525AED6FA00B38DA0 /* Page2ViewController.swift */; };
/* End PBXBuildFile section */

/* Begin PBXFileReference section */
		3A5A6C2C25AED52200B38DA0 /* Scene-MultiUnwind.app */ = {isa = PBXFileReference; explicitFileType = wrapper.application; includeInIndex = 0; path = "Scene-MultiUnwind.app"; sourceTree = BUILT_PRODUCTS_DIR; };
		3A5A6C2F25AED52200B38DA0 /* AppDelegate.swift */ = {isa = PBXFileReference; lastKnownFileType = sourcecode.swift; path = AppDelegate.swift; sourceTree = "<group>"; };
		3A5A6C3125AED52200B38DA0 /* SceneDelegate.swift */ = {isa = PBXFileReference; lastKnownFileType = sourcecode.swift; path = SceneDelegate.swift; sourceTree = "<group>"; };
		3A5A6C3325AED52200B38DA0 /* ViewController.swift */ = {isa = PBXFileReference; lastKnownFileType = sourcecode.swift; path = ViewController.swift; sourceTree = "<group>"; };
		3A5A6C3625AED52200B38DA0 /* Base */ = {isa = PBXFileReference; lastKnownFileType = file.storyboard; name = Base; path = Base.lproj/Main.storyboard; sourceTree = "<group>"; };
		3A5A6C3825AED52600B38DA0 /* Assets.xcassets */ = {isa = PBXFileReference; lastKnownFileType = folder.assetcatalog; path = Assets.xcassets; sourceTree = "<group>"; };
		3A5A6C3B25AED52600B38DA0 /* Base */ = {isa = PBXFileReference; lastKnownFileType = file.storyboard; name = Base; path = Base.lproj/LaunchScreen.storyboard; sourceTree = "<group>"; };
		3A5A6C3D25AED52600B38DA0 /* Info.plist */ = {isa = PBXFileReference; lastKnownFileType = text.plist.xml; path = Info.plist; sourceTree = "<group>"; };
		3A5A6C4525AED6FA00B38DA0 /* Page2ViewController.swift */ = {isa = PBXFileReference; lastKnownFileType = sourcecode.swift; path = Page2ViewController.swift; sourceTree = "<group>"; };
/* End PBXFileReference section */

/* Begin PBXFrameworksBuildPhase section */
		3A5A6C2925AED52200B38DA0 /* Frameworks */ = {
			isa = PBXFrameworksBuildPhase;
			buildActionMask = 2147483647;
			files = (
			);
			runOnlyForDeploymentPostprocessing = 0;
		};
/* End PBXFrameworksBuildPhase section */

/* Begin PBXGroup section */
		3A5A6C2325AED52200B38DA0 = {
			isa = PBXGroup;
			children = (
				3A5A6C2E25AED52200B38DA0 /* Scene-MultiUnwind */,
				3A5A6C2D25AED52200B38DA0 /* Products */,
			);
			sourceTree = "<group>";
		};
		3A5A6C2D25AED52200B38DA0 /* Products */ = {
			isa = PBXGroup;
			children = (
				3A5A6C2C25AED52200B38DA0 /* Scene-MultiUnwind.app */,
			);
			name = Products;
			sourceTree = "<group>";
		};
		3A5A6C2E25AED52200B38DA0 /* Scene-MultiUnwind */ = {
			isa = PBXGroup;
			children = (
				3A5A6C2F25AED52200B38DA0 /* AppDelegate.swift */,
				3A5A6C3125AED52200B38DA0 /* SceneDelegate.swift */,
				3A5A6C3325AED52200B38DA0 /* ViewController.swift */,
				3A5A6C3525AED52200B38DA0 /* Main.storyboard */,
				3A5A6C3825AED52600B38DA0 /* Assets.xcassets */,
				3A5A6C3A25AED52600B38DA0 /* LaunchScreen.storyboard */,
				3A5A6C3D25AED52600B38DA0 /* Info.plist */,
				3A5A6C4525AED6FA00B38DA0 /* Page2ViewController.swift */,
			);
			path = "Scene-MultiUnwind";
			sourceTree = "<group>";
		};
/* End PBXGroup section */

/* Begin PBXNativeTarget section */
		3A5A6C2B25AED52200B38DA0 /* Scene-MultiUnwind */ = {
			isa = PBXNativeTarget;
			buildConfigurationList = 3A5A6C4025AED52600B38DA0 /* Build configuration list for PBXNativeTarget "Scene-MultiUnwind" */;
			buildPhases = (
				3A5A6C2825AED52200B38DA0 /* Sources */,
				3A5A6C2925AED52200B38DA0 /* Frameworks */,
				3A5A6C2A25AED52200B38DA0 /* Resources */,
			);
			buildRules = (
			);
			dependencies = (
			);
			name = "Scene-MultiUnwind";
			productName = "Scene-MultiUnwind";
			productReference = 3A5A6C2C25AED52200B38DA0 /* Scene-MultiUnwind.app */;
			productType = "com.apple.product-type.application";
		};
/* End PBXNativeTarget section */

/* Begin PBXProject section */
		3A5A6C2425AED52200B38DA0 /* Project object */ = {
			isa = PBXProject;
			attributes = {
				LastSwiftUpdateCheck = 1220;
				LastUpgradeCheck = 1220;
				TargetAttributes = {
					3A5A6C2B25AED52200B38DA0 = {
						CreatedOnToolsVersion = 12.2;
					};
				};
			};
			buildConfigurationList = 3A5A6C2725AED52200B38DA0 /* Build configuration list for PBXProject "Scene-MultiUnwind" */;
			compatibilityVersion = "Xcode 9.3";
			developmentRegion = en;
			hasScannedForEncodings = 0;
			knownRegions = (
				en,
				Base,
			);
			mainGroup = 3A5A6C2325AED52200B38DA0;
			productRefGroup = 3A5A6C2D25AED52200B38DA0 /* Products */;
			projectDirPath = "";
			projectRoot = "";
			targets = (
				3A5A6C2B25AED52200B38DA0 /* Scene-MultiUnwind */,
			);
		};
/* End PBXProject section */

/* Begin PBXResourcesBuildPhase section */
		3A5A6C2A25AED52200B38DA0 /* Resources */ = {
			isa = PBXResourcesBuildPhase;
			buildActionMask = 2147483647;
			files = (
				3A5A6C3C25AED52600B38DA0 /* LaunchScreen.storyboard in Resources */,
				3A5A6C3925AED52600B38DA0 /* Assets.xcassets in Resources */,
				3A5A6C3725AED52200B38DA0 /* Main.storyboard in Resources */,
			);
			runOnlyForDeploymentPostprocessing = 0;
		};
/* End PBXResourcesBuildPhase section */

/* Begin PBXSourcesBuildPhase section */
		3A5A6C2825AED52200B38DA0 /* Sources */ = {
			isa = PBXSourcesBuildPhase;
			buildActionMask = 2147483647;
			files = (
				3A5A6C3425AED52200B38DA0 /* ViewController.swift in Sources */,
				3A5A6C3025AED52200B38DA0 /* AppDelegate.swift in Sources */,
				3A5A6C4625AED6FA00B38DA0 /* Page2ViewController.swift in Sources */,
				3A5A6C3225AED52200B38DA0 /* SceneDelegate.swift in Sources */,
			);
			runOnlyForDeploymentPostprocessing = 0;
		};
/* End PBXSourcesBuildPhase section */

/* Begin PBXVariantGroup section */
		3A5A6C3525AED52200B38DA0 /* Main.storyboard */ = {
			isa = PBXVariantGroup;
			children = (
				3A5A6C3625AED52200B38DA0 /* Base */,
			);
			name = Main.storyboard;
			sourceTree = "<group>";
		};
		3A5A6C3A25AED52600B38DA0 /* LaunchScreen.storyboard */ = {
			isa = PBXVariantGroup;
			children = (
				3A5A6C3B25AED52600B38DA0 /* Base */,
			);
			name = LaunchScreen.storyboard;
			sourceTree = "<group>";
		};
/* End PBXVariantGroup section */

/* Begin XCBuildConfiguration section */
		3A5A6C3E25AED52600B38DA0 /* Debug */ = {
			isa = XCBuildConfiguration;
			buildSettings = {
				ALWAYS_SEARCH_USER_PATHS = NO;
				CLANG_ANALYZER_NONNULL = YES;
				CLANG_ANALYZER_NUMBER_OBJECT_CONVERSION = YES_AGGRESSIVE;
				CLANG_CXX_LANGUAGE_STANDARD = "gnu++14";
				CLANG_CXX_LIBRARY = "libc++";
				CLANG_ENABLE_MODULES = YES;
				CLANG_ENABLE_OBJC_ARC = YES;
				CLANG_ENABLE_OBJC_WEAK = YES;
				CLANG_WARN_BLOCK_CAPTURE_AUTORELEASING = YES;
				CLANG_WARN_BOOL_CONVERSION = YES;
				CLANG_WARN_COMMA = YES;
				CLANG_WARN_CONSTANT_CONVERSION = YES;
				CLANG_WARN_DEPRECATED_OBJC_IMPLEMENTATIONS = YES;
				CLANG_WARN_DIRECT_OBJC_ISA_USAGE = YES_ERROR;
				CLANG_WARN_DOCUMENTATION_COMMENTS = YES;
				CLANG_WARN_EMPTY_BODY = YES;
				CLANG_WARN_ENUM_CONVERSION = YES;
				CLANG_WARN_INFINITE_RECURSION = YES;
				CLANG_WARN_INT_CONVERSION = YES;
				CLANG_WARN_NON_LITERAL_NULL_CONVERSION = YES;
				CLANG_WARN_OBJC_IMPLICIT_RETAIN_SELF = YES;
				CLANG_WARN_OBJC_LITERAL_CONVERSION = YES;
				CLANG_WARN_OBJC_ROOT_CLASS = YES_ERROR;
				CLANG_WARN_QUOTED_INCLUDE_IN_FRAMEWORK_HEADER = YES;
				CLANG_WARN_RANGE_LOOP_ANALYSIS = YES;
				CLANG_WARN_STRICT_PROTOTYPES = YES;
				CLANG_WARN_SUSPICIOUS_MOVE = YES;
				CLANG_WARN_UNGUARDED_AVAILABILITY = YES_AGGRESSIVE;
				CLANG_WARN_UNREACHABLE_CODE = YES;
				CLANG_WARN__DUPLICATE_METHOD_MATCH = YES;
				COPY_PHASE_STRIP = NO;
				DEBUG_INFORMATION_FORMAT = dwarf;
				ENABLE_STRICT_OBJC_MSGSEND = YES;
				ENABLE_TESTABILITY = YES;
				GCC_C_LANGUAGE_STANDARD = gnu11;
				GCC_DYNAMIC_NO_PIC = NO;
				GCC_NO_COMMON_BLOCKS = YES;
				GCC_OPTIMIZATION_LEVEL = 0;
				GCC_PREPROCESSOR_DEFINITIONS = (
					"DEBUG=1",
					"$(inherited)",
				);
				GCC_WARN_64_TO_32_BIT_CONVERSION = YES;
				GCC_WARN_ABOUT_RETURN_TYPE = YES_ERROR;
				GCC_WARN_UNDECLARED_SELECTOR = YES;
				GCC_WARN_UNINITIALIZED_AUTOS = YES_AGGRESSIVE;
				GCC_WARN_UNUSED_FUNCTION = YES;
				GCC_WARN_UNUSED_VARIABLE = YES;
				IPHONEOS_DEPLOYMENT_TARGET = 14.2;
				MTL_ENABLE_DEBUG_INFO = INCLUDE_SOURCE;
				MTL_FAST_MATH = YES;
				ONLY_ACTIVE_ARCH = YES;
				SDKROOT = iphoneos;
				SWIFT_ACTIVE_COMPILATION_CONDITIONS = DEBUG;
				SWIFT_OPTIMIZATION_LEVEL = "-Onone";
			};
			name = Debug;
		};
		3A5A6C3F25AED52600B38DA0 /* Release */ = {
			isa = XCBuildConfiguration;
			buildSettings = {
				ALWAYS_SEARCH_USER_PATHS = NO;
				CLANG_ANALYZER_NONNULL = YES;
				CLANG_ANALYZER_NUMBER_OBJECT_CONVERSION = YES_AGGRESSIVE;
				CLANG_CXX_LANGUAGE_STANDARD = "gnu++14";
				CLANG_CXX_LIBRARY = "libc++";
				CLANG_ENABLE_MODULES = YES;
				CLANG_ENABLE_OBJC_ARC = YES;
				CLANG_ENABLE_OBJC_WEAK = YES;
				CLANG_WARN_BLOCK_CAPTURE_AUTORELEASING = YES;
				CLANG_WARN_BOOL_CONVERSION = YES;
				CLANG_WARN_COMMA = YES;
				CLANG_WARN_CONSTANT_CONVERSION = YES;
				CLANG_WARN_DEPRECATED_OBJC_IMPLEMENTATIONS = YES;
				CLANG_WARN_DIRECT_OBJC_ISA_USAGE = YES_ERROR;
				CLANG_WARN_DOCUMENTATION_COMMENTS = YES;
				CLANG_WARN_EMPTY_BODY = YES;
				CLANG_WARN_ENUM_CONVERSION = YES;
				CLANG_WARN_INFINITE_RECURSION = YES;
				CLANG_WARN_INT_CONVERSION = YES;
				CLANG_WARN_NON_LITERAL_NULL_CONVERSION = YES;
				CLANG_WARN_OBJC_IMPLICIT_RETAIN_SELF = YES;
				CLANG_WARN_OBJC_LITERAL_CONVERSION = YES;
				CLANG_WARN_OBJC_ROOT_CLASS = YES_ERROR;
				CLANG_WARN_QUOTED_INCLUDE_IN_FRAMEWORK_HEADER = YES;
				CLANG_WARN_RANGE_LOOP_ANALYSIS = YES;
				CLANG_WARN_STRICT_PROTOTYPES = YES;
				CLANG_WARN_SUSPICIOUS_MOVE = YES;
				CLANG_WARN_UNGUARDED_AVAILABILITY = YES_AGGRESSIVE;
				CLANG_WARN_UNREACHABLE_CODE = YES;
				CLANG_WARN__DUPLICATE_METHOD_MATCH = YES;
				COPY_PHASE_STRIP = NO;
				DEBUG_INFORMATION_FORMAT = "dwarf-with-dsym";
				ENABLE_NS_ASSERTIONS = NO;
				ENABLE_STRICT_OBJC_MSGSEND = YES;
				GCC_C_LANGUAGE_STANDARD = gnu11;
				GCC_NO_COMMON_BLOCKS = YES;
				GCC_WARN_64_TO_32_BIT_CONVERSION = YES;
				GCC_WARN_ABOUT_RETURN_TYPE = YES_ERROR;
				GCC_WARN_UNDECLARED_SELECTOR = YES;
				GCC_WARN_UNINITIALIZED_AUTOS = YES_AGGRESSIVE;
				GCC_WARN_UNUSED_FUNCTION = YES;
				GCC_WARN_UNUSED_VARIABLE = YES;
				IPHONEOS_DEPLOYMENT_TARGET = 14.2;
				MTL_ENABLE_DEBUG_INFO = NO;
				MTL_FAST_MATH = YES;
				SDKROOT = iphoneos;
				SWIFT_COMPILATION_MODE = wholemodule;
				SWIFT_OPTIMIZATION_LEVEL = "-O";
				VALIDATE_PRODUCT = YES;
			};
			name = Release;
		};
		3A5A6C4125AED52600B38DA0 /* Debug */ = {
			isa = XCBuildConfiguration;
			buildSettings = {
				ASSETCATALOG_COMPILER_APPICON_NAME = AppIcon;
				ASSETCATALOG_COMPILER_GLOBAL_ACCENT_COLOR_NAME = AccentColor;
				CODE_SIGN_STYLE = Automatic;
				INFOPLIST_FILE = "Scene-MultiUnwind/Info.plist";
				LD_RUNPATH_SEARCH_PATHS = (
					"$(inherited)",
					"@executable_path/Frameworks",
				);
				PRODUCT_BUNDLE_IDENTIFIER = "kr.velmash.Scene-MultiUnwind";
				PRODUCT_NAME = "$(TARGET_NAME)";
				SWIFT_VERSION = 5.0;
				TARGETED_DEVICE_FAMILY = 1;
			};
			name = Debug;
		};
		3A5A6C4225AED52600B38DA0 /* Release */ = {
			isa = XCBuildConfiguration;
			buildSettings = {
				ASSETCATALOG_COMPILER_APPICON_NAME = AppIcon;
				ASSETCATALOG_COMPILER_GLOBAL_ACCENT_COLOR_NAME = AccentColor;
				CODE_SIGN_STYLE = Automatic;
				INFOPLIST_FILE = "Scene-MultiUnwind/Info.plist";
				LD_RUNPATH_SEARCH_PATHS = (
					"$(inherited)",
					"@executable_path/Frameworks",
				);
				PRODUCT_BUNDLE_IDENTIFIER = "kr.velmash.Scene-MultiUnwind";
				PRODUCT_NAME = "$(TARGET_NAME)";
				SWIFT_VERSION = 5.0;
				TARGETED_DEVICE_FAMILY = 1;
			};
			name = Release;
		};
/* End XCBuildConfiguration section */

/* Begin XCConfigurationList section */
		3A5A6C2725AED52200B38DA0 /* Build configuration list for PBXProject "Scene-MultiUnwind" */ = {
			isa = XCConfigurationList;
			buildConfigurations = (
				3A5A6C3E25AED52600B38DA0 /* Debug */,
				3A5A6C3F25AED52600B38DA0 /* Release */,
			);
			defaultConfigurationIsVisible = 0;
			defaultConfigurationName = Release;
		};
		3A5A6C4025AED52600B38DA0 /* Build configuration list for PBXNativeTarget "Scene-MultiUnwind" */ = {
			isa = XCConfigurationList;
			buildConfigurations = (
				3A5A6C4125AED52600B38DA0 /* Debug */,
				3A5A6C4225AED52600B38DA0 /* Release */,
			);
			defaultConfigurationIsVisible = 0;
			defaultConfigurationName = Release;
		};
/* End XCConfigurationList section */
	};
	rootObject = 3A5A6C2425AED52200B38DA0 /* Project object */;
}
